
Microsoft Visual Studio Solution File, Format Version 12.00
# Visual Studio Version 16
VisualStudioVersion = 16.0.31321.278
MinimumVisualStudioVersion = 10.0.40219.1
Project("{FAE04EC0-301F-11D3-BF4B-00C04F79EFBC}") = "TestBackEnd", "TestBackEnd\TestBackEnd.csproj", "{C6DC24CC-6C31-45DA-8F92-E7C2201CC675}"
EndProject
Project("{FAE04EC0-301F-11D3-BF4B-00C04F79EFBC}") = "TestBackEnd.Test", "TestBackEnd.Test\TestBackEnd.Test.csproj", "{D6E8F24A-9BC6-41BB-9548-7A237F4F53E1}"
EndProject
Global
	GlobalSection(SolutionConfigurationPlatforms) = preSolution
		Debug|Any CPU = Debug|Any CPU
		Release|Any CPU = Release|Any CPU
	EndGlobalSection
	GlobalSection(ProjectConfigurationPlatforms) = postSolution
		{C6DC24CC-6C31-45DA-8F92-E7C2201CC675}.Debug|Any CPU.ActiveCfg = Debug|Any CPU
		{C6DC24CC-6C31-45DA-8F92-E7C2201CC675}.Debug|Any CPU.Build.0 = Debug|Any CPU
		{C6DC24CC-6C31-45DA-8F92-E7C2201CC675}.Release|Any CPU.ActiveCfg = Release|Any CPU
		{C6DC24CC-6C31-45DA-8F92-E7C2201CC675}.Release|Any CPU.Build.0 = Release|Any CPU
		{D6E8F24A-9BC6-41BB-9548-7A237F4F53E1}.Debug|Any CPU.ActiveCfg = Debug|Any CPU
		{D6E8F24A-9BC6-41BB-9548-7A237F4F53E1}.Debug|Any CPU.Build.0 = Debug|Any CPU
		{D6E8F24A-9BC6-41BB-9548-7A237F4F53E1}.Release|Any CPU.ActiveCfg = Release|Any CPU
		{D6E8F24A-9BC6-41BB-9548-7A237F4F53E1}.Release|Any CPU.Build.0 = Release|Any CPU
	EndGlobalSection
	GlobalSection(SolutionProperties) = preSolution
		HideSolutionNode = FALSE
	EndGlobalSection
	GlobalSection(ExtensibilityGlobals) = postSolution
		SolutionGuid = {D052210C-3FE7-45E7-A137-1ED7F9053D38}
	EndGlobalSection
EndGlobal
